{
  "version": 4,
  "terraform_version": "1.12.2",
  "serial": 20,
  "lineage": "85ac4aba-cf1b-2528-d351-a335b83754a6",
  "outputs": {
    "virtual_machine_id": {
      "value": {
        "id": "/subscriptions/9dcd2a18-85b5-41cb-b256-9cf315c49e2f/resourceGroups/ubuntu_group/providers/Microsoft.Compute/virtualMachines/ubuntu",
        "power_state": "deallocated"
      },
      "type": [
        "object",
        {
          "id": "string",
          "power_state": "string"
        }
      ]
    }
  },
  "resources": [
    {
      "mode": "data",
      "type": "azurerm_subnet",
      "name": "azsnd",
      "provider": "provider[\"registry.terraform.io/hashicorp/azurerm\"]",
      "instances": [
        {
          "schema_version": 0,
          "attributes": {
            "address_prefix": "192.48.2.0/24",
            "address_prefixes": [
              "192.48.2.0/24"
            ],
            "default_outbound_access_enabled": true,
            "id": "/subscriptions/9dcd2a18-85b5-41cb-b256-9cf315c49e2f/resourceGroups/terra/providers/Microsoft.Network/virtualNetworks/terra-vn/subnets/back-end",
            "name": "back-end",
            "network_security_group_id": "/subscriptions/9dcd2a18-85b5-41cb-b256-9cf315c49e2f/resourceGroups/terra/providers/Microsoft.Network/networkSecurityGroups/terra-nsg",
            "private_endpoint_network_policies": "Disabled",
            "private_link_service_network_policies_enabled": true,
            "resource_group_name": "terra",
            "route_table_id": "",
            "service_endpoints": [],
            "timeouts": null,
            "virtual_network_name": "terra-vn"
          },
          "sensitive_attributes": [],
          "identity_schema_version": 0
        }
      ]
    },
    {
      "mode": "data",
      "type": "azurerm_virtual_machine",
      "name": "az",
      "provider": "provider[\"registry.terraform.io/hashicorp/azurerm\"]",
      "instances": [
        {
          "schema_version": 0,
          "attributes": {
            "id": "/subscriptions/9dcd2a18-85b5-41cb-b256-9cf315c49e2f/resourceGroups/ubuntu_group/providers/Microsoft.Compute/virtualMachines/ubuntu",
            "identity": [],
            "location": "eastasia",
            "name": "ubuntu",
            "power_state": "deallocated",
            "private_ip_address": "10.0.0.4",
            "private_ip_addresses": [
              "10.0.0.4"
            ],
            "public_ip_address": "20.6.130.28",
            "public_ip_addresses": [
              "20.6.130.28"
            ],
            "resource_group_name": "ubuntu_group",
            "timeouts": null
          },
          "sensitive_attributes": [],
          "identity_schema_version": 0
        }
      ]
    },
    {
      "mode": "managed",
      "type": "azurerm_managed_disk",
      "name": "azdk",
      "provider": "provider[\"registry.terraform.io/hashicorp/azurerm\"]",
      "instances": [
        {
          "schema_version": 1,
          "attributes": {
            "create_option": "Empty",
            "disk_access_id": "",
            "disk_encryption_set_id": "",
            "disk_iops_read_only": 0,
            "disk_iops_read_write": 500,
            "disk_mbps_read_only": 0,
            "disk_mbps_read_write": 60,
            "disk_size_gb": 30,
            "edge_zone": "",
            "encryption_settings": [],
            "gallery_image_reference_id": "",
            "hyper_v_generation": "",
            "id": "/subscriptions/9dcd2a18-85b5-41cb-b256-9cf315c49e2f/resourceGroups/terra/providers/Microsoft.Compute/disks/terra-disk",
            "image_reference_id": "",
            "location": "eastasia",
            "logical_sector_size": null,
            "max_shares": 0,
            "name": "terra-disk",
            "network_access_policy": "AllowAll",
            "on_demand_bursting_enabled": false,
            "optimized_frequent_attach_enabled": false,
            "os_type": "",
            "performance_plus_enabled": false,
            "public_network_access_enabled": true,
            "resource_group_name": "terra",
            "secure_vm_disk_encryption_set_id": "",
            "security_type": "",
            "source_resource_id": "",
            "source_uri": "",
            "storage_account_id": "",
            "storage_account_type": "Standard_LRS",
            "tags": {
              "testing": "true"
            },
            "tier": "",
            "timeouts": null,
            "trusted_launch_enabled": false,
            "upload_size_bytes": 0,
            "zone": ""
          },
          "sensitive_attributes": [],
          "identity_schema_version": 0,
          "identity": {
            "name": "terra-disk",
            "resource_group_name": "terra",
            "subscription_id": "9dcd2a18-85b5-41cb-b256-9cf315c49e2f"
          },
          "private": "eyJlMmJmYjczMC1lY2FhLTExZTYtOGY4OC0zNDM2M2JjN2M0YzAiOnsiY3JlYXRlIjoxODAwMDAwMDAwMDAwLCJkZWxldGUiOjE4MDAwMDAwMDAwMDAsInJlYWQiOjMwMDAwMDAwMDAwMCwidXBkYXRlIjoxODAwMDAwMDAwMDAwfSwic2NoZW1hX3ZlcnNpb24iOiIxIn0=",
          "dependencies": [
            "azurerm_resource_group.rg"
          ]
        }
      ]
    },
    {
      "mode": "managed",
      "type": "azurerm_network_interface",
      "name": "aznic",
      "provider": "provider[\"registry.terraform.io/hashicorp/azurerm\"]",
      "instances": [
        {
          "schema_version": 0,
          "attributes": {
            "accelerated_networking_enabled": false,
            "applied_dns_servers": [],
            "auxiliary_mode": "",
            "auxiliary_sku": "",
            "dns_servers": [],
            "edge_zone": "",
            "id": "/subscriptions/9dcd2a18-85b5-41cb-b256-9cf315c49e2f/resourceGroups/terra/providers/Microsoft.Network/networkInterfaces/terra-nic",
            "internal_dns_name_label": "",
            "internal_domain_name_suffix": "tv5jkx1gm5ruvnrlx1clq0k3ga.hx.internal.cloudapp.net",
            "ip_configuration": [
              {
                "gateway_load_balancer_frontend_ip_configuration_id": "",
                "name": "internal",
                "primary": true,
                "private_ip_address": "192.48.2.4",
                "private_ip_address_allocation": "Dynamic",
                "private_ip_address_version": "IPv4",
                "public_ip_address_id": "/subscriptions/9dcd2a18-85b5-41cb-b256-9cf315c49e2f/resourceGroups/terra/providers/Microsoft.Network/publicIPAddresses/terra-ip",
                "subnet_id": "/subscriptions/9dcd2a18-85b5-41cb-b256-9cf315c49e2f/resourceGroups/terra/providers/Microsoft.Network/virtualNetworks/terra-vn/subnets/back-end"
              }
            ],
            "ip_forwarding_enabled": false,
            "location": "eastasia",
            "mac_address": "",
            "name": "terra-nic",
            "private_ip_address": "192.48.2.4",
            "private_ip_addresses": [
              "192.48.2.4"
            ],
            "resource_group_name": "terra",
            "tags": {},
            "timeouts": null,
            "virtual_machine_id": ""
          },
          "sensitive_attributes": [],
          "identity_schema_version": 0,
          "identity": {
            "name": "terra-nic",
            "resource_group_name": "terra",
            "subscription_id": "9dcd2a18-85b5-41cb-b256-9cf315c49e2f"
          },
          "private": "eyJlMmJmYjczMC1lY2FhLTExZTYtOGY4OC0zNDM2M2JjN2M0YzAiOnsiY3JlYXRlIjoxODAwMDAwMDAwMDAwLCJkZWxldGUiOjE4MDAwMDAwMDAwMDAsInJlYWQiOjMwMDAwMDAwMDAwMCwidXBkYXRlIjoxODAwMDAwMDAwMDAwfX0=",
          "dependencies": [
            "azurerm_network_security_group.aznsg",
            "azurerm_public_ip.pip",
            "azurerm_resource_group.rg",
            "azurerm_virtual_network.azvn",
            "data.azurerm_subnet.azsnd"
          ],
          "create_before_destroy": true
        }
      ]
    },
    {
      "mode": "managed",
      "type": "azurerm_network_security_group",
      "name": "aznsg",
      "provider": "provider[\"registry.terraform.io/hashicorp/azurerm\"]",
      "instances": [
        {
          "schema_version": 0,
          "attributes": {
            "id": "/subscriptions/9dcd2a18-85b5-41cb-b256-9cf315c49e2f/resourceGroups/terra/providers/Microsoft.Network/networkSecurityGroups/terra-nsg",
            "location": "eastasia",
            "name": "terra-nsg",
            "resource_group_name": "terra",
            "security_rule": [
              {
                "access": "Allow",
                "description": "",
                "destination_address_prefix": "*",
                "destination_address_prefixes": [],
                "destination_application_security_group_ids": [],
                "destination_port_range": "*",
                "destination_port_ranges": [],
                "direction": "Outbound",
                "name": "allowOutbound",
                "priority": 100,
                "protocol": "*",
                "source_address_prefix": "*",
                "source_address_prefixes": [],
                "source_application_security_group_ids": [],
                "source_port_range": "*",
                "source_port_ranges": []
              },
              {
                "access": "Allow",
                "description": "",
                "destination_address_prefix": "*",
                "destination_address_prefixes": [],
                "destination_application_security_group_ids": [],
                "destination_port_range": "22",
                "destination_port_ranges": [],
                "direction": "Inbound",
                "name": "ssh",
                "priority": 100,
                "protocol": "Tcp",
                "source_address_prefix": "*",
                "source_address_prefixes": [],
                "source_application_security_group_ids": [],
                "source_port_range": "*",
                "source_port_ranges": []
              }
            ],
            "tags": {},
            "timeouts": null
          },
          "sensitive_attributes": [],
          "identity_schema_version": 0,
          "identity": {
            "name": "terra-nsg",
            "resource_group_name": "terra",
            "subscription_id": "9dcd2a18-85b5-41cb-b256-9cf315c49e2f"
          },
          "private": "eyJlMmJmYjczMC1lY2FhLTExZTYtOGY4OC0zNDM2M2JjN2M0YzAiOnsiY3JlYXRlIjoxODAwMDAwMDAwMDAwLCJkZWxldGUiOjE4MDAwMDAwMDAwMDAsInJlYWQiOjMwMDAwMDAwMDAwMCwidXBkYXRlIjoxODAwMDAwMDAwMDAwfX0=",
          "dependencies": [
            "azurerm_resource_group.rg"
          ],
          "create_before_destroy": true
        }
      ]
    },
    {
      "mode": "managed",
      "type": "azurerm_public_ip",
      "name": "pip",
      "provider": "provider[\"registry.terraform.io/hashicorp/azurerm\"]",
      "instances": [
        {
          "schema_version": 0,
          "attributes": {
            "allocation_method": "Static",
            "ddos_protection_mode": "VirtualNetworkInherited",
            "ddos_protection_plan_id": null,
            "domain_name_label": null,
            "domain_name_label_scope": null,
            "edge_zone": "",
            "fqdn": null,
            "id": "/subscriptions/9dcd2a18-85b5-41cb-b256-9cf315c49e2f/resourceGroups/terra/providers/Microsoft.Network/publicIPAddresses/terra-ip",
            "idle_timeout_in_minutes": 4,
            "ip_address": "52.229.206.211",
            "ip_tags": {},
            "ip_version": "IPv4",
            "location": "eastasia",
            "name": "terra-ip",
            "public_ip_prefix_id": null,
            "resource_group_name": "terra",
            "reverse_fqdn": null,
            "sku": "Standard",
            "sku_tier": "Regional",
            "tags": {
              "testing": "true"
            },
            "timeouts": null,
            "zones": []
          },
          "sensitive_attributes": [],
          "identity_schema_version": 0,
          "private": "eyJlMmJmYjczMC1lY2FhLTExZTYtOGY4OC0zNDM2M2JjN2M0YzAiOnsiY3JlYXRlIjoxODAwMDAwMDAwMDAwLCJkZWxldGUiOjE4MDAwMDAwMDAwMDAsInJlYWQiOjMwMDAwMDAwMDAwMCwidXBkYXRlIjoxODAwMDAwMDAwMDAwfX0=",
          "dependencies": [
            "azurerm_resource_group.rg"
          ],
          "create_before_destroy": true
        }
      ]
    },
    {
      "mode": "managed",
      "type": "azurerm_resource_group",
      "name": "rg",
      "provider": "provider[\"registry.terraform.io/hashicorp/azurerm\"]",
      "instances": [
        {
          "schema_version": 0,
          "attributes": {
            "id": "/subscriptions/9dcd2a18-85b5-41cb-b256-9cf315c49e2f/resourceGroups/terra",
            "location": "eastasia",
            "managed_by": "",
            "name": "terra",
            "tags": {},
            "timeouts": null
          },
          "sensitive_attributes": [],
          "identity_schema_version": 0,
          "private": "eyJlMmJmYjczMC1lY2FhLTExZTYtOGY4OC0zNDM2M2JjN2M0YzAiOnsiY3JlYXRlIjo1NDAwMDAwMDAwMDAwLCJkZWxldGUiOjU0MDAwMDAwMDAwMDAsInJlYWQiOjMwMDAwMDAwMDAwMCwidXBkYXRlIjo1NDAwMDAwMDAwMDAwfX0=",
          "create_before_destroy": true
        }
      ]
    },
    {
      "mode": "managed",
      "type": "azurerm_virtual_machine",
      "name": "azvm",
      "provider": "provider[\"registry.terraform.io/hashicorp/azurerm\"]",
      "instances": [
        {
          "schema_version": 0,
          "attributes": {
            "additional_capabilities": [],
            "availability_set_id": null,
            "boot_diagnostics": [],
            "delete_data_disks_on_termination": false,
            "delete_os_disk_on_termination": false,
            "id": "/subscriptions/9dcd2a18-85b5-41cb-b256-9cf315c49e2f/resourceGroups/terra/providers/Microsoft.Compute/virtualMachines/Terra-vm",
            "identity": [],
            "license_type": null,
            "location": "eastasia",
            "name": "Terra-vm",
            "network_interface_ids": [
              "/subscriptions/9dcd2a18-85b5-41cb-b256-9cf315c49e2f/resourceGroups/terra/providers/Microsoft.Network/networkInterfaces/terra-nic"
            ],
            "os_profile": [
              {
                "admin_password": "",
                "admin_username": "avi04",
                "computer_name": "terra-vm",
                "custom_data": ""
              }
            ],
            "os_profile_linux_config": [
              {
                "disable_password_authentication": false,
                "ssh_keys": []
              }
            ],
            "os_profile_secrets": [],
            "os_profile_windows_config": [],
            "plan": [],
            "primary_network_interface_id": null,
            "proximity_placement_group_id": null,
            "resource_group_name": "terra",
            "storage_data_disk": [],
            "storage_image_reference": [
              {
                "id": "",
                "offer": "ubuntu-24_04-lts",
                "publisher": "Canonical",
                "sku": "server",
                "version": "latest"
              }
            ],
            "storage_os_disk": [
              {
                "caching": "ReadWrite",
                "create_option": "FromImage",
                "disk_size_gb": 30,
                "image_uri": "",
                "managed_disk_id": "/subscriptions/9dcd2a18-85b5-41cb-b256-9cf315c49e2f/resourceGroups/terra/providers/Microsoft.Compute/disks/myosdisk1",
                "managed_disk_type": "Standard_LRS",
                "name": "myosdisk1",
                "os_type": "Linux",
                "vhd_uri": "",
                "write_accelerator_enabled": false
              }
            ],
            "tags": {
              "testing": "true"
            },
            "timeouts": null,
            "vm_size": "Standard_D2s_v3",
            "zones": null
          },
          "sensitive_attributes": [
            [
              {
                "type": "get_attr",
                "value": "os_profile"
              }
            ]
          ],
          "identity_schema_version": 0,
          "private": "eyJlMmJmYjczMC1lY2FhLTExZTYtOGY4OC0zNDM2M2JjN2M0YzAiOnsiY3JlYXRlIjozNjAwMDAwMDAwMDAwLCJkZWxldGUiOjM2MDAwMDAwMDAwMDAsInJlYWQiOjMwMDAwMDAwMDAwMCwidXBkYXRlIjozNjAwMDAwMDAwMDAwfX0=",
          "dependencies": [
            "azurerm_network_interface.aznic",
            "azurerm_network_security_group.aznsg",
            "azurerm_public_ip.pip",
            "azurerm_resource_group.rg",
            "azurerm_virtual_network.azvn",
            "data.azurerm_subnet.azsnd"
          ]
        }
      ]
    },
    {
      "mode": "managed",
      "type": "azurerm_virtual_machine_data_disk_attachment",
      "name": "azdska",
      "provider": "provider[\"registry.terraform.io/hashicorp/azurerm\"]",
      "instances": [
        {
          "schema_version": 0,
          "attributes": {
            "caching": "ReadWrite",
            "create_option": "Attach",
            "id": "/subscriptions/9dcd2a18-85b5-41cb-b256-9cf315c49e2f/resourceGroups/terra/providers/Microsoft.Compute/virtualMachines/Terra-vm/dataDisks/terra-disk",
            "lun": 10,
            "managed_disk_id": "/subscriptions/9dcd2a18-85b5-41cb-b256-9cf315c49e2f/resourceGroups/terra/providers/Microsoft.Compute/disks/terra-disk",
            "timeouts": null,
            "virtual_machine_id": "/subscriptions/9dcd2a18-85b5-41cb-b256-9cf315c49e2f/resourceGroups/terra/providers/Microsoft.Compute/virtualMachines/Terra-vm",
            "write_accelerator_enabled": false
          },
          "sensitive_attributes": [],
          "identity_schema_version": 0,
          "private": "eyJlMmJmYjczMC1lY2FhLTExZTYtOGY4OC0zNDM2M2JjN2M0YzAiOnsiY3JlYXRlIjoxODAwMDAwMDAwMDAwLCJkZWxldGUiOjE4MDAwMDAwMDAwMDAsInJlYWQiOjMwMDAwMDAwMDAwMCwidXBkYXRlIjoxODAwMDAwMDAwMDAwfX0=",
          "dependencies": [
            "azurerm_managed_disk.azdk",
            "azurerm_network_interface.aznic",
            "azurerm_network_security_group.aznsg",
            "azurerm_public_ip.pip",
            "azurerm_resource_group.rg",
            "azurerm_virtual_machine.azvm",
            "azurerm_virtual_network.azvn",
            "data.azurerm_subnet.azsnd"
          ]
        }
      ]
    },
    {
      "mode": "managed",
      "type": "azurerm_virtual_network",
      "name": "azvn",
      "provider": "provider[\"registry.terraform.io/hashicorp/azurerm\"]",
      "instances": [
        {
          "schema_version": 0,
          "attributes": {
            "address_space": [
              "192.48.0.0/16"
            ],
            "bgp_community": "",
            "ddos_protection_plan": [],
            "dns_servers": [],
            "edge_zone": "",
            "encryption": [],
            "flow_timeout_in_minutes": 0,
            "guid": "5f957e9d-6766-4ae3-b62b-bec4b8695d30",
            "id": "/subscriptions/9dcd2a18-85b5-41cb-b256-9cf315c49e2f/resourceGroups/terra/providers/Microsoft.Network/virtualNetworks/terra-vn",
            "ip_address_pool": [],
            "location": "eastasia",
            "name": "terra-vn",
            "private_endpoint_vnet_policies": "Disabled",
            "resource_group_name": "terra",
            "subnet": [
              {
                "address_prefixes": [
                  "192.48.1.0/24"
                ],
                "default_outbound_access_enabled": true,
                "delegation": [],
                "id": "/subscriptions/9dcd2a18-85b5-41cb-b256-9cf315c49e2f/resourceGroups/terra/providers/Microsoft.Network/virtualNetworks/terra-vn/subnets/front-end",
                "name": "front-end",
                "private_endpoint_network_policies": "Disabled",
                "private_link_service_network_policies_enabled": true,
                "route_table_id": "",
                "security_group": "",
                "service_endpoint_policy_ids": [],
                "service_endpoints": []
              },
              {
                "address_prefixes": [
                  "192.48.2.0/24"
                ],
                "default_outbound_access_enabled": true,
                "delegation": [],
                "id": "/subscriptions/9dcd2a18-85b5-41cb-b256-9cf315c49e2f/resourceGroups/terra/providers/Microsoft.Network/virtualNetworks/terra-vn/subnets/back-end",
                "name": "back-end",
                "private_endpoint_network_policies": "Disabled",
                "private_link_service_network_policies_enabled": true,
                "route_table_id": "",
                "security_group": "/subscriptions/9dcd2a18-85b5-41cb-b256-9cf315c49e2f/resourceGroups/terra/providers/Microsoft.Network/networkSecurityGroups/terra-nsg",
                "service_endpoint_policy_ids": [],
                "service_endpoints": []
              }
            ],
            "tags": {
              "purpose": "Testing"
            },
            "timeouts": null
          },
          "sensitive_attributes": [],
          "identity_schema_version": 0,
          "identity": {
            "name": "terra-vn",
            "resource_group_name": "terra",
            "subscription_id": "9dcd2a18-85b5-41cb-b256-9cf315c49e2f"
          },
          "private": "eyJlMmJmYjczMC1lY2FhLTExZTYtOGY4OC0zNDM2M2JjN2M0YzAiOnsiY3JlYXRlIjoxODAwMDAwMDAwMDAwLCJkZWxldGUiOjE4MDAwMDAwMDAwMDAsInJlYWQiOjMwMDAwMDAwMDAwMCwidXBkYXRlIjoxODAwMDAwMDAwMDAwfX0=",
          "dependencies": [
            "azurerm_network_security_group.aznsg",
            "azurerm_resource_group.rg"
          ],
          "create_before_destroy": true
        }
      ]
    }
  ],
  "check_results": null
}
